# This file was autogenerated by Stack.
# You should not edit this file by hand.
# For more information, please see the documentation at:
#   https://docs.haskellstack.org/en/stable/lock_files

packages:
- completed:
    pantry-tree:
      sha256: 21bf502c888f32bd6aabeeef05bc2a362cf72bf694b432a0eda9431ac4cfea9b
      size: 2581
    hackage: capability-0.4.0.0@sha256:d86d85a1691ef0165c77c47ea72eac75c99d21fb82947efe8b2f758991cf1837,3345
  original:
    hackage: capability-0.4.0.0@sha256:d86d85a1691ef0165c77c47ea72eac75c99d21fb82947efe8b2f758991cf1837,3345
- completed:
    sha256: 27a4b2e7ee8f4768b27e7173f758fd0af83b1d8e3c3af9711b5fed2b27ef54ec
    name: pretty-compact
    size: 359995
    url: https://github.com/jyp/prettiest/archive/e5ce6cd6b4da71860c3d97da84bed4a827fa00ef.tar.gz
    pantry-tree:
      sha256: c768b2faa4e5d7b791d987679616d8f90f169a73ae3fd38c20f37f08d02d930d
      size: 2327
    version: '3.0'
  original:
    url: https://github.com/jyp/prettiest/archive/e5ce6cd6b4da71860c3d97da84bed4a827fa00ef.tar.gz
- completed:
    name: galois-field
    pantry-tree:
      sha256: 1c5f35fa2f128d1341fffb29300ebc09f2ac463220bf76425fe12ffc2d171d48
      size: 4657
    commit: 576ba98ec947370835a1f308895037c7aa7f8b71
    git: https://github.com/serokell/galois-field.git
    version: 1.0.4
  original:
    commit: 576ba98ec947370835a1f308895037c7aa7f8b71
    git: https://github.com/serokell/galois-field.git
- completed:
    pantry-tree:
      sha256: e3cf4b28e01c3eb9b0cf46a8a2e7eef1ced133d5ad626aaba099cf468007dd90
      size: 2372
    hackage: bitvec-1.0.3.0@sha256:f69ed0e463045cb497a7cf1bc808a2e84ea0ce286cf9507983bb6ed8b4bd3993,3977
  original:
    hackage: bitvec-1.0.3.0@sha256:f69ed0e463045cb497a7cf1bc808a2e84ea0ce286cf9507983bb6ed8b4bd3993,3977
- completed:
    name: elliptic-curve
    pantry-tree:
      sha256: f4f032b7ef9a23afbd65a765e3a335ec8cdd219a5dfe6ee276f72e15d644a0fd
      size: 12030
    commit: b8a3d0cf8f7bacfed77dc3b697f5d08bd33396a8
    git: https://github.com/serokell/elliptic-curve.git
    version: 0.3.1
  original:
    commit: b8a3d0cf8f7bacfed77dc3b697f5d08bd33396a8
    git: https://github.com/serokell/elliptic-curve.git
- completed:
    sha256: 666b911fb302ef1e2ddb7562e3347674a91cae01b632958527f376c576e27852
    name: tasty-silver
    size: 18968
    url: https://github.com/phile314/tasty-silver/archive/f1f90ac3113cd445e2a7ade43ebb29f0db38ab9b.tar.gz
    pantry-tree:
      sha256: 540333aa07ba4f46c8bfb2e7cf75f756f908aa3f163f7c621cec10186238f27d
      size: 784
    version: 3.2.1
  original:
    url: https://github.com/phile314/tasty-silver/archive/f1f90ac3113cd445e2a7ade43ebb29f0db38ab9b.tar.gz
- completed:
    pantry-tree:
      sha256: 0c8fb1ece12aa96b9e884a2c382bfe5f3688c0f7a69bc165bdae64674b4ffe83
      size: 1873
    hackage: tasty-1.4.1@sha256:69e90e965543faf0fc2c8e486d6c1d8cf81fd108e2c4541234c41490f392f94f,2638
  original:
    hackage: tasty-1.4.1@sha256:69e90e965543faf0fc2c8e486d6c1d8cf81fd108e2c4541234c41490f392f94f,2638
snapshots:
- completed:
    sha256: e76d109964d9335abb412e22139c5bce3078be290ac6d90b8ecea6cc009bb198
    size: 590102
    url: https://raw.githubusercontent.com/commercialhaskell/stackage-snapshots/master/lts/18/26.yaml
  original: lts-18.26
